
Microsoft Visual Studio Solution File, Format Version 12.00
Project("{FAE04EC0-301F-11D3-BF4B-00C04F79EFBC}") = "Likvido.CloudEvents", "Likvido.CloudEvents\Likvido.CloudEvents.csproj", "{3DE22884-0E13-443B-B5CC-CB7D6F1F2301}"
EndProject
Project("{2150E333-8FDC-42A3-9474-1A3956D46DE8}") = "SolutionFolder", "SolutionFolder", "{2275CDCA-4643-4723-9F24-9B03ECF9DFD1}"
	ProjectSection(SolutionItems) = preProject
		version.props = version.props
		..\.github\dependabot.yml = ..\.github\dependabot.yml
		..\README.md = ..\README.md
		..\.gitignore = ..\.gitignore
	EndProjectSection
EndProject
Project("{2150E333-8FDC-42A3-9474-1A3956D46DE8}") = "Workflows", "Workflows", "{D5111444-57FD-407F-93F8-1E7E7B9CAB67}"
	ProjectSection(SolutionItems) = preProject
		..\.github\workflows\nuget.yml = ..\.github\workflows\nuget.yml
	EndProjectSection
EndProject
Global
	GlobalSection(SolutionConfigurationPlatforms) = preSolution
		Debug|Any CPU = Debug|Any CPU
		Release|Any CPU = Release|Any CPU
	EndGlobalSection
	GlobalSection(ProjectConfigurationPlatforms) = postSolution
		{3DE22884-0E13-443B-B5CC-CB7D6F1F2301}.Debug|Any CPU.ActiveCfg = Debug|Any CPU
		{3DE22884-0E13-443B-B5CC-CB7D6F1F2301}.Debug|Any CPU.Build.0 = Debug|Any CPU
		{3DE22884-0E13-443B-B5CC-CB7D6F1F2301}.Release|Any CPU.ActiveCfg = Release|Any CPU
		{3DE22884-0E13-443B-B5CC-CB7D6F1F2301}.Release|Any CPU.Build.0 = Release|Any CPU
	EndGlobalSection
	GlobalSection(NestedProjects) = preSolution
		{D5111444-57FD-407F-93F8-1E7E7B9CAB67} = {2275CDCA-4643-4723-9F24-9B03ECF9DFD1}
	EndGlobalSection
EndGlobal
